
Microsoft Visual Studio Solution File, Format Version 12.00
# Visual Studio Version 17
VisualStudioVersion = 17.5.002.0
MinimumVisualStudioVersion = 10.0.40219.1
Project("{9A19103F-16F7-4668-BE54-9A1E7A4F7556}") = "app", "app.csproj", "{778BA0D2-99FA-490E-BF21-4FA750FBA695}"
EndProject
Global
	GlobalSection(SolutionConfigurationPlatforms) = preSolution
		Debug|Any CPU = Debug|Any CPU
		Release|Any CPU = Release|Any CPU
	EndGlobalSection
	GlobalSection(ProjectConfigurationPlatforms) = postSolution
		{778BA0D2-99FA-490E-BF21-4FA750FBA695}.Debug|Any CPU.ActiveCfg = Debug|Any CPU
		{778BA0D2-99FA-490E-BF21-4FA750FBA695}.Debug|Any CPU.Build.0 = Debug|Any CPU
		{778BA0D2-99FA-490E-BF21-4FA750FBA695}.Release|Any CPU.ActiveCfg = Release|Any CPU
		{778BA0D2-99FA-490E-BF21-4FA750FBA695}.Release|Any CPU.Build.0 = Release|Any CPU
	EndGlobalSection
	GlobalSection(SolutionProperties) = preSolution
		HideSolutionNode = FALSE
	EndGlobalSection
	GlobalSection(ExtensibilityGlobals) = postSolution
		SolutionGuid = {EAA76163-2804-451A-8717-98482621217E}
	EndGlobalSection
EndGlobal
